Microsoft Visual Studio Solution File, Format Version 12.00
# Visual Studio Version 17
VisualStudioVersion = 17.5.2.0
MinimumVisualStudioVersion = 10.0.40219.1
Project("{FAE04EC0-301F-11D3-BF4B-00C04F79EFBC}") = "c#-listnode", "c#-listnode.csproj", "{7286BED0-6ACD-A204-98F3-E4BA42B49505}"
EndProject
Global
	GlobalSection(SolutionConfigurationPlatforms) = preSolution
		Debug|Any CPU = Debug|Any CPU
		Release|Any CPU = Release|Any CPU
	EndGlobalSection
	GlobalSection(ProjectConfigurationPlatforms) = postSolution
		{7286BED0-6ACD-A204-98F3-E4BA42B49505}.Debug|Any CPU.ActiveCfg = Debug|Any CPU
		{7286BED0-6ACD-A204-98F3-E4BA42B49505}.Debug|Any CPU.Build.0 = Debug|Any CPU
		{7286BED0-6ACD-A204-98F3-E4BA42B49505}.Release|Any CPU.ActiveCfg = Release|Any CPU
		{7286BED0-6ACD-A204-98F3-E4BA42B49505}.Release|Any CPU.Build.0 = Release|Any CPU
	EndGlobalSection
	GlobalSection(SolutionProperties) = preSolution
		HideSolutionNode = FALSE
	EndGlobalSection
	GlobalSection(ExtensibilityGlobals) = postSolution
		SolutionGuid = {FCE98594-E1FB-4DE2-9127-D73AEFAE2258}
	EndGlobalSection
EndGlobal
